// !$*UTF8*$!
{
	archiveVersion = 1;
	classes = {
	};
	objectVersion = 56;
	objects = {

/* Begin PBXBuildFile section */
		5618B70A2AECBF99001D5BBF /* SampleViewAppApp.swift in Sources */ = {isa = PBXBuildFile; fileRef = 5618B7092AECBF99001D5BBF /* SampleViewAppApp.swift */; };
		5618B70C2AECBF99001D5BBF /* SampleView1.swift in Sources */ = {isa = PBXBuildFile; fileRef = 5618B70B2AECBF99001D5BBF /* SampleView1.swift */; };
		5618B70E2AECBF9A001D5BBF /* Assets.xcassets in Resources */ = {isa = PBXBuildFile; fileRef = 5618B70D2AECBF9A001D5BBF /* Assets.xcassets */; };
		5618B7112AECBF9A001D5BBF /* Preview Assets.xcassets in Resources */ = {isa = PBXBuildFile; fileRef = 5618B7102AECBF9A001D5BBF /* Preview Assets.xcassets */; };
		5618B7182AECC0CC001D5BBF /* SampleView2.swift in Sources */ = {isa = PBXBuildFile; fileRef = 5618B7172AECC0CC001D5BBF /* SampleView2.swift */; };
		5618B71A2AECC113001D5BBF /* SampleView3.swift in Sources */ = {isa = PBXBuildFile; fileRef = 5618B7192AECC113001D5BBF /* SampleView3.swift */; };
		5618B71C2AECC154001D5BBF /* SampleView4.swift in Sources */ = {isa = PBXBuildFile; fileRef = 5618B71B2AECC154001D5BBF /* SampleView4.swift */; };
		5618B71E2AECC1E2001D5BBF /* SampleView5.swift in Sources */ = {isa = PBXBuildFile; fileRef = 5618B71D2AECC1E2001D5BBF /* SampleView5.swift */; };
		5618B7202AECDBAD001D5BBF /* SampleView6.swift in Sources */ = {isa = PBXBuildFile; fileRef = 5618B71F2AECDBAD001D5BBF /* SampleView6.swift */; };
/* End PBXBuildFile section */

/* Begin PBXFileReference section */
		5618B7062AECBF99001D5BBF /* SampleViewApp.app */ = {isa = PBXFileReference; explicitFileType = wrapper.application; includeInIndex = 0; path = SampleViewApp.app; sourceTree = BUILT_PRODUCTS_DIR; };
		5618B7092AECBF99001D5BBF /* SampleViewAppApp.swift */ = {isa = PBXFileReference; lastKnownFileType = sourcecode.swift; path = SampleViewAppApp.swift; sourceTree = "<group>"; };
		5618B70B2AECBF99001D5BBF /* SampleView1.swift */ = {isa = PBXFileReference; lastKnownFileType = sourcecode.swift; path = SampleView1.swift; sourceTree = "<group>"; };
		5618B70D2AECBF9A001D5BBF /* Assets.xcassets */ = {isa = PBXFileReference; lastKnownFileType = folder.assetcatalog; path = Assets.xcassets; sourceTree = "<group>"; };
		5618B7102AECBF9A001D5BBF /* Preview Assets.xcassets */ = {isa = PBXFileReference; lastKnownFileType = folder.assetcatalog; path = "Preview Assets.xcassets"; sourceTree = "<group>"; };
		5618B7172AECC0CC001D5BBF /* SampleView2.swift */ = {isa = PBXFileReference; lastKnownFileType = sourcecode.swift; path = SampleView2.swift; sourceTree = "<group>"; };
		5618B7192AECC113001D5BBF /* SampleView3.swift */ = {isa = PBXFileReference; lastKnownFileType = sourcecode.swift; path = SampleView3.swift; sourceTree = "<group>"; };
		5618B71B2AECC154001D5BBF /* SampleView4.swift */ = {isa = PBXFileReference; lastKnownFileType = sourcecode.swift; path = SampleView4.swift; sourceTree = "<group>"; };
		5618B71D2AECC1E2001D5BBF /* SampleView5.swift */ = {isa = PBXFileReference; lastKnownFileType = sourcecode.swift; path = SampleView5.swift; sourceTree = "<group>"; };
		5618B71F2AECDBAD001D5BBF /* SampleView6.swift */ = {isa = PBXFileReference; lastKnownFileType = sourcecode.swift; path = SampleView6.swift; sourceTree = "<group>"; };
/* End PBXFileReference section */

/* Begin PBXFrameworksBuildPhase section */
		5618B7032AECBF99001D5BBF /* Frameworks */ = {
			isa = PBXFrameworksBuildPhase;
			buildActionMask = 2147483647;
			files = (
			);
			runOnlyForDeploymentPostprocessing = 0;
		};
/* End PBXFrameworksBuildPhase section */

/* Begin PBXGroup section */
		5618B6FD2AECBF99001D5BBF = {
			isa = PBXGroup;
			children = (
				5618B7082AECBF99001D5BBF /* SampleViewApp */,
				5618B7072AECBF99001D5BBF /* Products */,
			);
			sourceTree = "<group>";
		};
		5618B7072AECBF99001D5BBF /* Products */ = {
			isa = PBXGroup;
			children = (
				5618B7062AECBF99001D5BBF /* SampleViewApp.app */,
			);
			name = Products;
			sourceTree = "<group>";
		};
		5618B7082AECBF99001D5BBF /* SampleViewApp */ = {
			isa = PBXGroup;
			children = (
				5618B7092AECBF99001D5BBF /* SampleViewAppApp.swift */,
				5618B70B2AECBF99001D5BBF /* SampleView1.swift */,
				5618B7172AECC0CC001D5BBF /* SampleView2.swift */,
				5618B7192AECC113001D5BBF /* SampleView3.swift */,
				5618B71B2AECC154001D5BBF /* SampleView4.swift */,
				5618B71D2AECC1E2001D5BBF /* SampleView5.swift */,
				5618B71F2AECDBAD001D5BBF /* SampleView6.swift */,
				5618B70D2AECBF9A001D5BBF /* Assets.xcassets */,
				5618B70F2AECBF9A001D5BBF /* Preview Content */,
			);
			path = SampleViewApp;
			sourceTree = "<group>";
		};
		5618B70F2AECBF9A001D5BBF /* Preview Content */ = {
			isa = PBXGroup;
			children = (
				5618B7102AECBF9A001D5BBF /* Preview Assets.xcassets */,
			);
			path = "Preview Content";
			sourceTree = "<group>";
		};
/* End PBXGroup section */

/* Begin PBXNativeTarget section */
		5618B7052AECBF99001D5BBF /* SampleViewApp */ = {
			isa = PBXNativeTarget;
			buildConfigurationList = 5618B7142AECBF9A001D5BBF /* Build configuration list for PBXNativeTarget "SampleViewApp" */;
			buildPhases = (
				5618B7022AECBF99001D5BBF /* Sources */,
				5618B7032AECBF99001D5BBF /* Frameworks */,
				5618B7042AECBF99001D5BBF /* Resources */,
			);
			buildRules = (
			);
			dependencies = (
			);
			name = SampleViewApp;
			productName = SampleViewApp;
			productReference = 5618B7062AECBF99001D5BBF /* SampleViewApp.app */;
			productType = "com.apple.product-type.application";
		};
/* End PBXNativeTarget section */

/* Begin PBXProject section */
		5618B6FE2AECBF99001D5BBF /* Project object */ = {
			isa = PBXProject;
			attributes = {
				BuildIndependentTargetsInParallel = 1;
				LastSwiftUpdateCheck = 1500;
				LastUpgradeCheck = 1500;
				TargetAttributes = {
					5618B7052AECBF99001D5BBF = {
						CreatedOnToolsVersion = 15.0;
					};
				};
			};
			buildConfigurationList = 5618B7012AECBF99001D5BBF /* Build configuration list for PBXProject "SampleViewApp" */;
			compatibilityVersion = "Xcode 14.0";
			developmentRegion = en;
			hasScannedForEncodings = 0;
			knownRegions = (
				en,
				Base,
			);
			mainGroup = 5618B6FD2AECBF99001D5BBF;
			productRefGroup = 5618B7072AECBF99001D5BBF /* Products */;
			projectDirPath = "";
			projectRoot = "";
			targets = (
				5618B7052AECBF99001D5BBF /* SampleViewApp */,
			);
		};
/* End PBXProject section */

/* Begin PBXResourcesBuildPhase section */
		5618B7042AECBF99001D5BBF /* Resources */ = {
			isa = PBXResourcesBuildPhase;
			buildActionMask = 2147483647;
			files = (
				5618B7112AECBF9A001D5BBF /* Preview Assets.xcassets in Resources */,
				5618B70E2AECBF9A001D5BBF /* Assets.xcassets in Resources */,
			);
			runOnlyForDeploymentPostprocessing = 0;
		};
/* End PBXResourcesBuildPhase section */

/* Begin PBXSourcesBuildPhase section */
		5618B7022AECBF99001D5BBF /* Sources */ = {
			isa = PBXSourcesBuildPhase;
			buildActionMask = 2147483647;
			files = (
				5618B71E2AECC1E2001D5BBF /* SampleView5.swift in Sources */,
				5618B71A2AECC113001D5BBF /* SampleView3.swift in Sources */,
				5618B7182AECC0CC001D5BBF /* SampleView2.swift in Sources */,
				5618B70C2AECBF99001D5BBF /* SampleView1.swift in Sources */,
				5618B71C2AECC154001D5BBF /* SampleView4.swift in Sources */,
				5618B70A2AECBF99001D5BBF /* SampleViewAppApp.swift in Sources */,
				5618B7202AECDBAD001D5BBF /* SampleView6.swift in Sources */,
			);
			runOnlyForDeploymentPostprocessing = 0;
		};
/* End PBXSourcesBuildPhase section */

/* Begin XCBuildConfiguration section */
		5618B7122AECBF9A001D5BBF /* Debug */ = {
			isa = XCBuildConfiguration;
			buildSettings = {
				ALWAYS_SEARCH_USER_PATHS = NO;
				ASSETCATALOG_COMPILER_GENERATE_SWIFT_ASSET_SYMBOL_EXTENSIONS = YES;
				CLANG_ANALYZER_NONNULL = YES;
				CLANG_ANALYZER_NUMBER_OBJECT_CONVERSION = YES_AGGRESSIVE;
				CLANG_CXX_LANGUAGE_STANDARD = "gnu++20";
				CLANG_ENABLE_MODULES = YES;
				CLANG_ENABLE_OBJC_ARC = YES;
				CLANG_ENABLE_OBJC_WEAK = YES;
				CLANG_WARN_BLOCK_CAPTURE_AUTORELEASING = YES;
				CLANG_WARN_BOOL_CONVERSION = YES;
				CLANG_WARN_COMMA = YES;
				CLANG_WARN_CONSTANT_CONVERSION = YES;
				CLANG_WARN_DEPRECATED_OBJC_IMPLEMENTATIONS = YES;
				CLANG_WARN_DIRECT_OBJC_ISA_USAGE = YES_ERROR;
				CLANG_WARN_DOCUMENTATION_COMMENTS = YES;
				CLANG_WARN_EMPTY_BODY = YES;
				CLANG_WARN_ENUM_CONVERSION = YES;
				CLANG_WARN_INFINITE_RECURSION = YES;
				CLANG_WARN_INT_CONVERSION = YES;
				CLANG_WARN_NON_LITERAL_NULL_CONVERSION = YES;
				CLANG_WARN_OBJC_IMPLICIT_RETAIN_SELF = YES;
				CLANG_WARN_OBJC_LITERAL_CONVERSION = YES;
				CLANG_WARN_OBJC_ROOT_CLASS = YES_ERROR;
				CLANG_WARN_QUOTED_INCLUDE_IN_FRAMEWORK_HEADER = YES;
				CLANG_WARN_RANGE_LOOP_ANALYSIS = YES;
				CLANG_WARN_STRICT_PROTOTYPES = YES;
				CLANG_WARN_SUSPICIOUS_MOVE = YES;
				CLANG_WARN_UNGUARDED_AVAILABILITY = YES_AGGRESSIVE;
				CLANG_WARN_UNREACHABLE_CODE = YES;
				CLANG_WARN__DUPLICATE_METHOD_MATCH = YES;
				COPY_PHASE_STRIP = NO;
				DEBUG_INFORMATION_FORMAT = dwarf;
				ENABLE_STRICT_OBJC_MSGSEND = YES;
				ENABLE_TESTABILITY = YES;
				ENABLE_USER_SCRIPT_SANDBOXING = YES;
				GCC_C_LANGUAGE_STANDARD = gnu17;
				GCC_DYNAMIC_NO_PIC = NO;
				GCC_NO_COMMON_BLOCKS = YES;
				GCC_OPTIMIZATION_LEVEL = 0;
				GCC_PREPROCESSOR_DEFINITIONS = (
					"DEBUG=1",
					"$(inherited)",
				);
				GCC_WARN_64_TO_32_BIT_CONVERSION = YES;
				GCC_WARN_ABOUT_RETURN_TYPE = YES_ERROR;
				GCC_WARN_UNDECLARED_SELECTOR = YES;
				GCC_WARN_UNINITIALIZED_AUTOS = YES_AGGRESSIVE;
				GCC_WARN_UNUSED_FUNCTION = YES;
				GCC_WARN_UNUSED_VARIABLE = YES;
				IPHONEOS_DEPLOYMENT_TARGET = 17.0;
				LOCALIZATION_PREFERS_STRING_CATALOGS = YES;
				MTL_ENABLE_DEBUG_INFO = INCLUDE_SOURCE;
				MTL_FAST_MATH = YES;
				ONLY_ACTIVE_ARCH = YES;
				SDKROOT = iphoneos;
				SWIFT_ACTIVE_COMPILATION_CONDITIONS = "DEBUG $(inherited)";
				SWIFT_OPTIMIZATION_LEVEL = "-Onone";
			};
			name = Debug;
		};
		5618B7132AECBF9A001D5BBF /* Release */ = {
			isa = XCBuildConfiguration;
			buildSettings = {
				ALWAYS_SEARCH_USER_PATHS = NO;
				ASSETCATALOG_COMPILER_GENERATE_SWIFT_ASSET_SYMBOL_EXTENSIONS = YES;
				CLANG_ANALYZER_NONNULL = YES;
				CLANG_ANALYZER_NUMBER_OBJECT_CONVERSION = YES_AGGRESSIVE;
				CLANG_CXX_LANGUAGE_STANDARD = "gnu++20";
				CLANG_ENABLE_MODULES = YES;
				CLANG_ENABLE_OBJC_ARC = YES;
				CLANG_ENABLE_OBJC_WEAK = YES;
				CLANG_WARN_BLOCK_CAPTURE_AUTORELEASING = YES;
				CLANG_WARN_BOOL_CONVERSION = YES;
				CLANG_WARN_COMMA = YES;
				CLANG_WARN_CONSTANT_CONVERSION = YES;
				CLANG_WARN_DEPRECATED_OBJC_IMPLEMENTATIONS = YES;
				CLANG_WARN_DIRECT_OBJC_ISA_USAGE = YES_ERROR;
				CLANG_WARN_DOCUMENTATION_COMMENTS = YES;
				CLANG_WARN_EMPTY_BODY = YES;
				CLANG_WARN_ENUM_CONVERSION = YES;
				CLANG_WARN_INFINITE_RECURSION = YES;
				CLANG_WARN_INT_CONVERSION = YES;
				CLANG_WARN_NON_LITERAL_NULL_CONVERSION = YES;
				CLANG_WARN_OBJC_IMPLICIT_RETAIN_SELF = YES;
				CLANG_WARN_OBJC_LITERAL_CONVERSION = YES;
				CLANG_WARN_OBJC_ROOT_CLASS = YES_ERROR;
				CLANG_WARN_QUOTED_INCLUDE_IN_FRAMEWORK_HEADER = YES;
				CLANG_WARN_RANGE_LOOP_ANALYSIS = YES;
				CLANG_WARN_STRICT_PROTOTYPES = YES;
				CLANG_WARN_SUSPICIOUS_MOVE = YES;
				CLANG_WARN_UNGUARDED_AVAILABILITY = YES_AGGRESSIVE;
				CLANG_WARN_UNREACHABLE_CODE = YES;
				CLANG_WARN__DUPLICATE_METHOD_MATCH = YES;
				COPY_PHASE_STRIP = NO;
				DEBUG_INFORMATION_FORMAT = "dwarf-with-dsym";
				ENABLE_NS_ASSERTIONS = NO;
				ENABLE_STRICT_OBJC_MSGSEND = YES;
				ENABLE_USER_SCRIPT_SANDBOXING = YES;
				GCC_C_LANGUAGE_STANDARD = gnu17;
				GCC_NO_COMMON_BLOCKS = YES;
				GCC_WARN_64_TO_32_BIT_CONVERSION = YES;
				GCC_WARN_ABOUT_RETURN_TYPE = YES_ERROR;
				GCC_WARN_UNDECLARED_SELECTOR = YES;
				GCC_WARN_UNINITIALIZED_AUTOS = YES_AGGRESSIVE;
				GCC_WARN_UNUSED_FUNCTION = YES;
				GCC_WARN_UNUSED_VARIABLE = YES;
				IPHONEOS_DEPLOYMENT_TARGET = 17.0;
				LOCALIZATION_PREFERS_STRING_CATALOGS = YES;
				MTL_ENABLE_DEBUG_INFO = NO;
				MTL_FAST_MATH = YES;
				SDKROOT = iphoneos;
				SWIFT_COMPILATION_MODE = wholemodule;
				VALIDATE_PRODUCT = YES;
			};
			name = Release;
		};
		5618B7152AECBF9A001D5BBF /* Debug */ = {
			isa = XCBuildConfiguration;
			buildSettings = {
				ASSETCATALOG_COMPILER_APPICON_NAME = AppIcon;
				ASSETCATALOG_COMPILER_GLOBAL_ACCENT_COLOR_NAME = AccentColor;
				CODE_SIGN_STYLE = Automatic;
				CURRENT_PROJECT_VERSION = 1;
				DEVELOPMENT_ASSET_PATHS = "\"SampleViewApp/Preview Content\"";
				ENABLE_PREVIEWS = YES;
				GENERATE_INFOPLIST_FILE = YES;
				INFOPLIST_KEY_UIApplicationSceneManifest_Generation = YES;
				INFOPLIST_KEY_UIApplicationSupportsIndirectInputEvents = YES;
				INFOPLIST_KEY_UILaunchScreen_Generation = YES;
				INFOPLIST_KEY_UISupportedInterfaceOrientations_iPad = "UIInterfaceOrientationPortrait UIInterfaceOrientationPortraitUpsideDown UIInterfaceOrientationLandscapeLeft UIInterfaceOrientationLandscapeRight";
				INFOPLIST_KEY_UISupportedInterfaceOrientations_iPhone = "UIInterfaceOrientationPortrait UIInterfaceOrientationLandscapeLeft UIInterfaceOrientationLandscapeRight";
				LD_RUNPATH_SEARCH_PATHS = (
					"$(inherited)",
					"@executable_path/Frameworks",
				);
				MARKETING_VERSION = 1.0;
				PRODUCT_BUNDLE_IDENTIFIER = com.yukiny.SampleViewApp;
				PRODUCT_NAME = "$(TARGET_NAME)";
				SWIFT_EMIT_LOC_STRINGS = YES;
				SWIFT_VERSION = 5.0;
				TARGETED_DEVICE_FAMILY = "1,2";
			};
			name = Debug;
		};
		5618B7162AECBF9A001D5BBF /* Release */ = {
			isa = XCBuildConfiguration;
			buildSettings = {
				ASSETCATALOG_COMPILER_APPICON_NAME = AppIcon;
				ASSETCATALOG_COMPILER_GLOBAL_ACCENT_COLOR_NAME = AccentColor;
				CODE_SIGN_STYLE = Automatic;
				CURRENT_PROJECT_VERSION = 1;
				DEVELOPMENT_ASSET_PATHS = "\"SampleViewApp/Preview Content\"";
				ENABLE_PREVIEWS = YES;
				GENERATE_INFOPLIST_FILE = YES;
				INFOPLIST_KEY_UIApplicationSceneManifest_Generation = YES;
				INFOPLIST_KEY_UIApplicationSupportsIndirectInputEvents = YES;
				INFOPLIST_KEY_UILaunchScreen_Generation = YES;
				INFOPLIST_KEY_UISupportedInterfaceOrientations_iPad = "UIInterfaceOrientationPortrait UIInterfaceOrientationPortraitUpsideDown UIInterfaceOrientationLandscapeLeft UIInterfaceOrientationLandscapeRight";
				INFOPLIST_KEY_UISupportedInterfaceOrientations_iPhone = "UIInterfaceOrientationPortrait UIInterfaceOrientationLandscapeLeft UIInterfaceOrientationLandscapeRight";
				LD_RUNPATH_SEARCH_PATHS = (
					"$(inherited)",
					"@executable_path/Frameworks",
				);
				MARKETING_VERSION = 1.0;
				PRODUCT_BUNDLE_IDENTIFIER = com.yukiny.SampleViewApp;
				PRODUCT_NAME = "$(TARGET_NAME)";
				SWIFT_EMIT_LOC_STRINGS = YES;
				SWIFT_VERSION = 5.0;
				TARGETED_DEVICE_FAMILY = "1,2";
			};
			name = Release;
		};
/* End XCBuildConfiguration section */

/* Begin XCConfigurationList section */
		5618B7012AECBF99001D5BBF /* Build configuration list for PBXProject "SampleViewApp" */ = {
			isa = XCConfigurationList;
			buildConfigurations = (
				5618B7122AECBF9A001D5BBF /* Debug */,
				5618B7132AECBF9A001D5BBF /* Release */,
			);
			defaultConfigurationIsVisible = 0;
			defaultConfigurationName = Release;
		};
		5618B7142AECBF9A001D5BBF /* Build configuration list for PBXNativeTarget "SampleViewApp" */ = {
			isa = XCConfigurationList;
			buildConfigurations = (
				5618B7152AECBF9A001D5BBF /* Debug */,
				5618B7162AECBF9A001D5BBF /* Release */,
			);
			defaultConfigurationIsVisible = 0;
			defaultConfigurationName = Release;
		};
/* End XCConfigurationList section */
	};
	rootObject = 5618B6FE2AECBF99001D5BBF /* Project object */;
}
